PODS:
  - YCDeviceFingerprint (1.3.0)

DEPENDENCIES:
  - YCDeviceFingerprint (from `../`)

EXTERNAL SOURCES:
  YCDeviceFingerprint:
    :path: "../"

SPEC CHECKSUMS:
  YCDeviceFingerprint: a2049df2dc21ac50b7591d7427cd2e0919d8020f

PODFILE CHECKSUM: f9a937c081e4ea79d37a0a9e2544a7a66c7fbd97

COCOAPODS: 1.2.0.beta.1
