PODS:
  - YCDeviceFingerprint (1.1.1)

DEPENDENCIES:
  - YCDeviceFingerprint (from `../`)

EXTERNAL SOURCES:
  YCDeviceFingerprint:
    :path: "../"

SPEC CHECKSUMS:
  YCDeviceFingerprint: 8e8463d5952877398f1ba3356839ab9540da9ab3

PODFILE CHECKSUM: f9a937c081e4ea79d37a0a9e2544a7a66c7fbd97

COCOAPODS: 1.2.0.beta.1
